
Microsoft Visual Studio Solution File, Format Version 12.00
# Visual Studio Version 17
VisualStudioVersion = 17.14.36401.2 d17.14
MinimumVisualStudioVersion = 10.0.40219.1
Project("{FAE04EC0-301F-11D3-BF4B-00C04F79EFBC}") = "Auth.Api", "Auth.Api\Auth.Api.csproj", "{6CCB51E9-DAB4-2CD9-A6C7-0D831C6FB937}"
EndProject
Project("{FAE04EC0-301F-11D3-BF4B-00C04F79EFBC}") = "Auth.Domain", "Auth.Domain\Auth.Domain.csproj", "{4A1F96DA-7137-E1D9-E205-237CC6DF173C}"
EndProject
Project("{FAE04EC0-301F-11D3-BF4B-00C04F79EFBC}") = "Auth.Application", "Auth.Application\Auth.Application.csproj", "{9E0E8150-9E3B-EA87-5C9F-68055BC6148B}"
EndProject
Project("{FAE04EC0-301F-11D3-BF4B-00C04F79EFBC}") = "Auth.Infrastructure", "Auth.Infrastructure\Auth.Infrastructure.csproj", "{3D77236F-3F3E-E1FC-A653-90CEBBA82EC5}"
EndProject
Global
	GlobalSection(SolutionConfigurationPlatforms) = preSolution
		Debug|Any CPU = Debug|Any CPU
		Release|Any CPU = Release|Any CPU
	EndGlobalSection
	GlobalSection(ProjectConfigurationPlatforms) = postSolution
		{6CCB51E9-DAB4-2CD9-A6C7-0D831C6FB937}.Debug|Any CPU.ActiveCfg = Debug|Any CPU
		{6CCB51E9-DAB4-2CD9-A6C7-0D831C6FB937}.Debug|Any CPU.Build.0 = Debug|Any CPU
		{6CCB51E9-DAB4-2CD9-A6C7-0D831C6FB937}.Release|Any CPU.ActiveCfg = Release|Any CPU
		{6CCB51E9-DAB4-2CD9-A6C7-0D831C6FB937}.Release|Any CPU.Build.0 = Release|Any CPU
		{4A1F96DA-7137-E1D9-E205-237CC6DF173C}.Debug|Any CPU.ActiveCfg = Debug|Any CPU
		{4A1F96DA-7137-E1D9-E205-237CC6DF173C}.Debug|Any CPU.Build.0 = Debug|Any CPU
		{4A1F96DA-7137-E1D9-E205-237CC6DF173C}.Release|Any CPU.ActiveCfg = Release|Any CPU
		{4A1F96DA-7137-E1D9-E205-237CC6DF173C}.Release|Any CPU.Build.0 = Release|Any CPU
		{9E0E8150-9E3B-EA87-5C9F-68055BC6148B}.Debug|Any CPU.ActiveCfg = Debug|Any CPU
		{9E0E8150-9E3B-EA87-5C9F-68055BC6148B}.Debug|Any CPU.Build.0 = Debug|Any CPU
		{9E0E8150-9E3B-EA87-5C9F-68055BC6148B}.Release|Any CPU.ActiveCfg = Release|Any CPU
		{9E0E8150-9E3B-EA87-5C9F-68055BC6148B}.Release|Any CPU.Build.0 = Release|Any CPU
		{3D77236F-3F3E-E1FC-A653-90CEBBA82EC5}.Debug|Any CPU.ActiveCfg = Debug|Any CPU
		{3D77236F-3F3E-E1FC-A653-90CEBBA82EC5}.Debug|Any CPU.Build.0 = Debug|Any CPU
		{3D77236F-3F3E-E1FC-A653-90CEBBA82EC5}.Release|Any CPU.ActiveCfg = Release|Any CPU
		{3D77236F-3F3E-E1FC-A653-90CEBBA82EC5}.Release|Any CPU.Build.0 = Release|Any CPU
	EndGlobalSection
	GlobalSection(SolutionProperties) = preSolution
		HideSolutionNode = FALSE
	EndGlobalSection
	GlobalSection(ExtensibilityGlobals) = postSolution
		SolutionGuid = {668CF502-FD80-40AC-85A5-ECEFFD9ACD07}
	EndGlobalSection
EndGlobal
